
Microsoft Visual Studio Solution File, Format Version 12.00
# Visual Studio Version 17
VisualStudioVersion = 17.5.002.0
MinimumVisualStudioVersion = 10.0.40219.1
Project("{9A19103F-16F7-4668-BE54-9A1E7A4F7556}") = "TodoApi", "TodoApi.csproj", "{1C41834C-582B-43E6-80D4-769445D4BC1C}"
EndProject
Global
	GlobalSection(SolutionConfigurationPlatforms) = preSolution
		Debug|Any CPU = Debug|Any CPU
		Release|Any CPU = Release|Any CPU
	EndGlobalSection
	GlobalSection(ProjectConfigurationPlatforms) = postSolution
		{1C41834C-582B-43E6-80D4-769445D4BC1C}.Debug|Any CPU.ActiveCfg = Debug|Any CPU
		{1C41834C-582B-43E6-80D4-769445D4BC1C}.Debug|Any CPU.Build.0 = Debug|Any CPU
		{1C41834C-582B-43E6-80D4-769445D4BC1C}.Release|Any CPU.ActiveCfg = Release|Any CPU
		{1C41834C-582B-43E6-80D4-769445D4BC1C}.Release|Any CPU.Build.0 = Release|Any CPU
	EndGlobalSection
	GlobalSection(SolutionProperties) = preSolution
		HideSolutionNode = FALSE
	EndGlobalSection
	GlobalSection(ExtensibilityGlobals) = postSolution
		SolutionGuid = {FFC39D05-665F-440B-B128-E84C38F21E16}
	EndGlobalSection
EndGlobal
